
Microsoft Visual Studio Solution File, Format Version 12.00
# Visual Studio Version 17
VisualStudioVersion = 17.1.32319.34
MinimumVisualStudioVersion = 10.0.40219.1
Project("{FAE04EC0-301F-11D3-BF4B-00C04F79EFBC}") = "api-car", "api-car\api-car.csproj", "{0CC7FAD2-22E5-480E-9232-ACAA950BF931}"
EndProject
Global
	GlobalSection(SolutionConfigurationPlatforms) = preSolution
		Debug|Any CPU = Debug|Any CPU
		Release|Any CPU = Release|Any CPU
	EndGlobalSection
	GlobalSection(ProjectConfigurationPlatforms) = postSolution
		{0CC7FAD2-22E5-480E-9232-ACAA950BF931}.Debug|Any CPU.ActiveCfg = Debug|Any CPU
		{0CC7FAD2-22E5-480E-9232-ACAA950BF931}.Debug|Any CPU.Build.0 = Debug|Any CPU
		{0CC7FAD2-22E5-480E-9232-ACAA950BF931}.Release|Any CPU.ActiveCfg = Release|Any CPU
		{0CC7FAD2-22E5-480E-9232-ACAA950BF931}.Release|Any CPU.Build.0 = Release|Any CPU
	EndGlobalSection
	GlobalSection(SolutionProperties) = preSolution
		HideSolutionNode = FALSE
	EndGlobalSection
	GlobalSection(ExtensibilityGlobals) = postSolution
		SolutionGuid = {953AC26F-0A01-43F0-9FF9-DF3E1E784F21}
	EndGlobalSection
EndGlobal
